// !$*UTF8*$!
{
	archiveVersion = 1;
	classes = {
	};
	objectVersion = 50;
	objects = {

/* Begin PBXBuildFile section */
		5C2FC1B225982B1500854F06 /* AppDelegate.swift in Sources */ = {isa = PBXBuildFile; fileRef = 5C2FC1B125982B1500854F06 /* AppDelegate.swift */; };
		5C2FC1B425982B1500854F06 /* RequestViewController.swift in Sources */ = {isa = PBXBuildFile; fileRef = 5C2FC1B325982B1500854F06 /* RequestViewController.swift */; };
		5C2FC1B625982B1500854F06 /* SGRequestDocument.swift in Sources */ = {isa = PBXBuildFile; fileRef = 5C2FC1B525982B1500854F06 /* SGRequestDocument.swift */; };
		5C2FC1B825982B1600854F06 /* Assets.xcassets in Resources */ = {isa = PBXBuildFile; fileRef = 5C2FC1B725982B1600854F06 /* Assets.xcassets */; };
		5C2FC1BB25982B1600854F06 /* Main.storyboard in Resources */ = {isa = PBXBuildFile; fileRef = 5C2FC1B925982B1600854F06 /* Main.storyboard */; };
		5C2FC1C725982B1600854F06 /* Ravens_RockTests.swift in Sources */ = {isa = PBXBuildFile; fileRef = 5C2FC1C625982B1600854F06 /* Ravens_RockTests.swift */; };
		5C2FC1D225982B1600854F06 /* Ravens_RockUITests.swift in Sources */ = {isa = PBXBuildFile; fileRef = 5C2FC1D125982B1600854F06 /* Ravens_RockUITests.swift */; };
/* End PBXBuildFile section */

/* Begin PBXContainerItemProxy section */
		5C2FC1C325982B1600854F06 /* PBXContainerItemProxy */ = {
			isa = PBXContainerItemProxy;
			containerPortal = 5C2FC1A625982B1500854F06 /* Project object */;
			proxyType = 1;
			remoteGlobalIDString = 5C2FC1AD25982B1500854F06;
			remoteInfo = "Ravens Rock";
		};
		5C2FC1CE25982B1600854F06 /* PBXContainerItemProxy */ = {
			isa = PBXContainerItemProxy;
			containerPortal = 5C2FC1A625982B1500854F06 /* Project object */;
			proxyType = 1;
			remoteGlobalIDString = 5C2FC1AD25982B1500854F06;
			remoteInfo = "Ravens Rock";
		};
/* End PBXContainerItemProxy section */

/* Begin PBXFileReference section */
		5C2FC1AE25982B1500854F06 /* Ravens Rock.app */ = {isa = PBXFileReference; explicitFileType = wrapper.application; includeInIndex = 0; path = "Ravens Rock.app"; sourceTree = BUILT_PRODUCTS_DIR; };
		5C2FC1B125982B1500854F06 /* AppDelegate.swift */ = {isa = PBXFileReference; lastKnownFileType = sourcecode.swift; path = AppDelegate.swift; sourceTree = "<group>"; };
		5C2FC1B325982B1500854F06 /* RequestViewController.swift */ = {isa = PBXFileReference; lastKnownFileType = sourcecode.swift; path = RequestViewController.swift; sourceTree = "<group>"; };
		5C2FC1B525982B1500854F06 /* SGRequestDocument.swift */ = {isa = PBXFileReference; lastKnownFileType = sourcecode.swift; path = SGRequestDocument.swift; sourceTree = "<group>"; };
		5C2FC1B725982B1600854F06 /* Assets.xcassets */ = {isa = PBXFileReference; lastKnownFileType = folder.assetcatalog; path = Assets.xcassets; sourceTree = "<group>"; };
		5C2FC1BA25982B1600854F06 /* Base */ = {isa = PBXFileReference; lastKnownFileType = file.storyboard; name = Base; path = Base.lproj/Main.storyboard; sourceTree = "<group>"; };
		5C2FC1BC25982B1600854F06 /* Info.plist */ = {isa = PBXFileReference; lastKnownFileType = text.plist.xml; path = Info.plist; sourceTree = "<group>"; };
		5C2FC1BD25982B1600854F06 /* Ravens_Rock.entitlements */ = {isa = PBXFileReference; lastKnownFileType = text.plist.entitlements; path = Ravens_Rock.entitlements; sourceTree = "<group>"; };
		5C2FC1C225982B1600854F06 /* Ravens RockTests.xctest */ = {isa = PBXFileReference; explicitFileType = wrapper.cfbundle; includeInIndex = 0; path = "Ravens RockTests.xctest"; sourceTree = BUILT_PRODUCTS_DIR; };
		5C2FC1C625982B1600854F06 /* Ravens_RockTests.swift */ = {isa = PBXFileReference; lastKnownFileType = sourcecode.swift; path = Ravens_RockTests.swift; sourceTree = "<group>"; };
		5C2FC1C825982B1600854F06 /* Info.plist */ = {isa = PBXFileReference; lastKnownFileType = text.plist.xml; path = Info.plist; sourceTree = "<group>"; };
		5C2FC1CD25982B1600854F06 /* Ravens RockUITests.xctest */ = {isa = PBXFileReference; explicitFileType = wrapper.cfbundle; includeInIndex = 0; path = "Ravens RockUITests.xctest"; sourceTree = BUILT_PRODUCTS_DIR; };
		5C2FC1D125982B1600854F06 /* Ravens_RockUITests.swift */ = {isa = PBXFileReference; lastKnownFileType = sourcecode.swift; path = Ravens_RockUITests.swift; sourceTree = "<group>"; };
		5C2FC1D325982B1600854F06 /* Info.plist */ = {isa = PBXFileReference; lastKnownFileType = text.plist.xml; path = Info.plist; sourceTree = "<group>"; };
/* End PBXFileReference section */

/* Begin PBXFrameworksBuildPhase section */
		5C2FC1AB25982B1500854F06 /* Frameworks */ = {
			isa = PBXFrameworksBuildPhase;
			buildActionMask = 2147483647;
			files = (
			);
			runOnlyForDeploymentPostprocessing = 0;
		};
		5C2FC1BF25982B1600854F06 /* Frameworks */ = {
			isa = PBXFrameworksBuildPhase;
			buildActionMask = 2147483647;
			files = (
			);
			runOnlyForDeploymentPostprocessing = 0;
		};
		5C2FC1CA25982B1600854F06 /* Frameworks */ = {
			isa = PBXFrameworksBuildPhase;
			buildActionMask = 2147483647;
			files = (
			);
			runOnlyForDeploymentPostprocessing = 0;
		};
/* End PBXFrameworksBuildPhase section */

/* Begin PBXGroup section */
		5C2FC1A525982B1500854F06 = {
			isa = PBXGroup;
			children = (
				5C2FC1B025982B1500854F06 /* Ravens Rock */,
				5C2FC1C525982B1600854F06 /* Ravens RockTests */,
				5C2FC1D025982B1600854F06 /* Ravens RockUITests */,
				5C2FC1AF25982B1500854F06 /* Products */,
			);
			sourceTree = "<group>";
		};
		5C2FC1AF25982B1500854F06 /* Products */ = {
			isa = PBXGroup;
			children = (
				5C2FC1AE25982B1500854F06 /* Ravens Rock.app */,
				5C2FC1C225982B1600854F06 /* Ravens RockTests.xctest */,
				5C2FC1CD25982B1600854F06 /* Ravens RockUITests.xctest */,
			);
			name = Products;
			sourceTree = "<group>";
		};
		5C2FC1B025982B1500854F06 /* Ravens Rock */ = {
			isa = PBXGroup;
			children = (
				5C2FC1B125982B1500854F06 /* AppDelegate.swift */,
				5C2FC1B325982B1500854F06 /* RequestViewController.swift */,
				5C2FC1B525982B1500854F06 /* SGRequestDocument.swift */,
				5C2FC1B725982B1600854F06 /* Assets.xcassets */,
				5C2FC1B925982B1600854F06 /* Main.storyboard */,
				5C2FC1BC25982B1600854F06 /* Info.plist */,
				5C2FC1BD25982B1600854F06 /* Ravens_Rock.entitlements */,
			);
			path = "Ravens Rock";
			sourceTree = "<group>";
		};
		5C2FC1C525982B1600854F06 /* Ravens RockTests */ = {
			isa = PBXGroup;
			children = (
				5C2FC1C625982B1600854F06 /* Ravens_RockTests.swift */,
				5C2FC1C825982B1600854F06 /* Info.plist */,
			);
			path = "Ravens RockTests";
			sourceTree = "<group>";
		};
		5C2FC1D025982B1600854F06 /* Ravens RockUITests */ = {
			isa = PBXGroup;
			children = (
				5C2FC1D125982B1600854F06 /* Ravens_RockUITests.swift */,
				5C2FC1D325982B1600854F06 /* Info.plist */,
			);
			path = "Ravens RockUITests";
			sourceTree = "<group>";
		};
/* End PBXGroup section */

/* Begin PBXNativeTarget section */
		5C2FC1AD25982B1500854F06 /* Ravens Rock */ = {
			isa = PBXNativeTarget;
			buildConfigurationList = 5C2FC1D625982B1600854F06 /* Build configuration list for PBXNativeTarget "Ravens Rock" */;
			buildPhases = (
				5C2FC1AA25982B1500854F06 /* Sources */,
				5C2FC1AB25982B1500854F06 /* Frameworks */,
				5C2FC1AC25982B1500854F06 /* Resources */,
			);
			buildRules = (
			);
			dependencies = (
			);
			name = "Ravens Rock";
			productName = "Ravens Rock";
			productReference = 5C2FC1AE25982B1500854F06 /* Ravens Rock.app */;
			productType = "com.apple.product-type.application";
		};
		5C2FC1C125982B1600854F06 /* Ravens RockTests */ = {
			isa = PBXNativeTarget;
			buildConfigurationList = 5C2FC1D925982B1600854F06 /* Build configuration list for PBXNativeTarget "Ravens RockTests" */;
			buildPhases = (
				5C2FC1BE25982B1600854F06 /* Sources */,
				5C2FC1BF25982B1600854F06 /* Frameworks */,
				5C2FC1C025982B1600854F06 /* Resources */,
			);
			buildRules = (
			);
			dependencies = (
				5C2FC1C425982B1600854F06 /* PBXTargetDependency */,
			);
			name = "Ravens RockTests";
			productName = "Ravens RockTests";
			productReference = 5C2FC1C225982B1600854F06 /* Ravens RockTests.xctest */;
			productType = "com.apple.product-type.bundle.unit-test";
		};
		5C2FC1CC25982B1600854F06 /* Ravens RockUITests */ = {
			isa = PBXNativeTarget;
			buildConfigurationList = 5C2FC1DC25982B1600854F06 /* Build configuration list for PBXNativeTarget "Ravens RockUITests" */;
			buildPhases = (
				5C2FC1C925982B1600854F06 /* Sources */,
				5C2FC1CA25982B1600854F06 /* Frameworks */,
				5C2FC1CB25982B1600854F06 /* Resources */,
			);
			buildRules = (
			);
			dependencies = (
				5C2FC1CF25982B1600854F06 /* PBXTargetDependency */,
			);
			name = "Ravens RockUITests";
			productName = "Ravens RockUITests";
			productReference = 5C2FC1CD25982B1600854F06 /* Ravens RockUITests.xctest */;
			productType = "com.apple.product-type.bundle.ui-testing";
		};
/* End PBXNativeTarget section */

/* Begin PBXProject section */
		5C2FC1A625982B1500854F06 /* Project object */ = {
			isa = PBXProject;
			attributes = {
				LastSwiftUpdateCheck = 1230;
				LastUpgradeCheck = 1230;
				TargetAttributes = {
					5C2FC1AD25982B1500854F06 = {
						CreatedOnToolsVersion = 12.3;
					};
					5C2FC1C125982B1600854F06 = {
						CreatedOnToolsVersion = 12.3;
						TestTargetID = 5C2FC1AD25982B1500854F06;
					};
					5C2FC1CC25982B1600854F06 = {
						CreatedOnToolsVersion = 12.3;
						TestTargetID = 5C2FC1AD25982B1500854F06;
					};
				};
			};
			buildConfigurationList = 5C2FC1A925982B1500854F06 /* Build configuration list for PBXProject "Ravens Rock" */;
			compatibilityVersion = "Xcode 9.3";
			developmentRegion = en;
			hasScannedForEncodings = 0;
			knownRegions = (
				en,
				Base,
			);
			mainGroup = 5C2FC1A525982B1500854F06;
			productRefGroup = 5C2FC1AF25982B1500854F06 /* Products */;
			projectDirPath = "";
			projectRoot = "";
			targets = (
				5C2FC1AD25982B1500854F06 /* Ravens Rock */,
				5C2FC1C125982B1600854F06 /* Ravens RockTests */,
				5C2FC1CC25982B1600854F06 /* Ravens RockUITests */,
			);
		};
/* End PBXProject section */

/* Begin PBXResourcesBuildPhase section */
		5C2FC1AC25982B1500854F06 /* Resources */ = {
			isa = PBXResourcesBuildPhase;
			buildActionMask = 2147483647;
			files = (
				5C2FC1B825982B1600854F06 /* Assets.xcassets in Resources */,
				5C2FC1BB25982B1600854F06 /* Main.storyboard in Resources */,
			);
			runOnlyForDeploymentPostprocessing = 0;
		};
		5C2FC1C025982B1600854F06 /* Resources */ = {
			isa = PBXResourcesBuildPhase;
			buildActionMask = 2147483647;
			files = (
			);
			runOnlyForDeploymentPostprocessing = 0;
		};
		5C2FC1CB25982B1600854F06 /* Resources */ = {
			isa = PBXResourcesBuildPhase;
			buildActionMask = 2147483647;
			files = (
			);
			runOnlyForDeploymentPostprocessing = 0;
		};
/* End PBXResourcesBuildPhase section */

/* Begin PBXSourcesBuildPhase section */
		5C2FC1AA25982B1500854F06 /* Sources */ = {
			isa = PBXSourcesBuildPhase;
			buildActionMask = 2147483647;
			files = (
				5C2FC1B425982B1500854F06 /* RequestViewController.swift in Sources */,
				5C2FC1B225982B1500854F06 /* AppDelegate.swift in Sources */,
				5C2FC1B625982B1500854F06 /* SGRequestDocument.swift in Sources */,
			);
			runOnlyForDeploymentPostprocessing = 0;
		};
		5C2FC1BE25982B1600854F06 /* Sources */ = {
			isa = PBXSourcesBuildPhase;
			buildActionMask = 2147483647;
			files = (
				5C2FC1C725982B1600854F06 /* Ravens_RockTests.swift in Sources */,
			);
			runOnlyForDeploymentPostprocessing = 0;
		};
		5C2FC1C925982B1600854F06 /* Sources */ = {
			isa = PBXSourcesBuildPhase;
			buildActionMask = 2147483647;
			files = (
				5C2FC1D225982B1600854F06 /* Ravens_RockUITests.swift in Sources */,
			);
			runOnlyForDeploymentPostprocessing = 0;
		};
/* End PBXSourcesBuildPhase section */

/* Begin PBXTargetDependency section */
		5C2FC1C425982B1600854F06 /* PBXTargetDependency */ = {
			isa = PBXTargetDependency;
			target = 5C2FC1AD25982B1500854F06 /* Ravens Rock */;
			targetProxy = 5C2FC1C325982B1600854F06 /* PBXContainerItemProxy */;
		};
		5C2FC1CF25982B1600854F06 /* PBXTargetDependency */ = {
			isa = PBXTargetDependency;
			target = 5C2FC1AD25982B1500854F06 /* Ravens Rock */;
			targetProxy = 5C2FC1CE25982B1600854F06 /* PBXContainerItemProxy */;
		};
/* End PBXTargetDependency section */

/* Begin PBXVariantGroup section */
		5C2FC1B925982B1600854F06 /* Main.storyboard */ = {
			isa = PBXVariantGroup;
			children = (
				5C2FC1BA25982B1600854F06 /* Base */,
			);
			name = Main.storyboard;
			sourceTree = "<group>";
		};
/* End PBXVariantGroup section */

/* Begin XCBuildConfiguration section */
		5C2FC1D425982B1600854F06 /* Debug */ = {
			isa = XCBuildConfiguration;
			buildSettings = {
				ALWAYS_SEARCH_USER_PATHS = NO;
				CLANG_ANALYZER_NONNULL = YES;
				CLANG_ANALYZER_NUMBER_OBJECT_CONVERSION = YES_AGGRESSIVE;
				CLANG_CXX_LANGUAGE_STANDARD = "gnu++14";
				CLANG_CXX_LIBRARY = "libc++";
				CLANG_ENABLE_MODULES = YES;
				CLANG_ENABLE_OBJC_ARC = YES;
				CLANG_ENABLE_OBJC_WEAK = YES;
				CLANG_WARN_BLOCK_CAPTURE_AUTORELEASING = YES;
				CLANG_WARN_BOOL_CONVERSION = YES;
				CLANG_WARN_COMMA = YES;
				CLANG_WARN_CONSTANT_CONVERSION = YES;
				CLANG_WARN_DEPRECATED_OBJC_IMPLEMENTATIONS = YES;
				CLANG_WARN_DIRECT_OBJC_ISA_USAGE = YES_ERROR;
				CLANG_WARN_DOCUMENTATION_COMMENTS = YES;
				CLANG_WARN_EMPTY_BODY = YES;
				CLANG_WARN_ENUM_CONVERSION = YES;
				CLANG_WARN_INFINITE_RECURSION = YES;
				CLANG_WARN_INT_CONVERSION = YES;
				CLANG_WARN_NON_LITERAL_NULL_CONVERSION = YES;
				CLANG_WARN_OBJC_IMPLICIT_RETAIN_SELF = YES;
				CLANG_WARN_OBJC_LITERAL_CONVERSION = YES;
				CLANG_WARN_OBJC_ROOT_CLASS = YES_ERROR;
				CLANG_WARN_QUOTED_INCLUDE_IN_FRAMEWORK_HEADER = YES;
				CLANG_WARN_RANGE_LOOP_ANALYSIS = YES;
				CLANG_WARN_STRICT_PROTOTYPES = YES;
				CLANG_WARN_SUSPICIOUS_MOVE = YES;
				CLANG_WARN_UNGUARDED_AVAILABILITY = YES_AGGRESSIVE;
				CLANG_WARN_UNREACHABLE_CODE = YES;
				CLANG_WARN__DUPLICATE_METHOD_MATCH = YES;
				COPY_PHASE_STRIP = NO;
				DEBUG_INFORMATION_FORMAT = dwarf;
				ENABLE_STRICT_OBJC_MSGSEND = YES;
				ENABLE_TESTABILITY = YES;
				GCC_C_LANGUAGE_STANDARD = gnu11;
				GCC_DYNAMIC_NO_PIC = NO;
				GCC_NO_COMMON_BLOCKS = YES;
				GCC_OPTIMIZATION_LEVEL = 0;
				GCC_PREPROCESSOR_DEFINITIONS = (
					"DEBUG=1",
					"$(inherited)",
				);
				GCC_WARN_64_TO_32_BIT_CONVERSION = YES;
				GCC_WARN_ABOUT_RETURN_TYPE = YES_ERROR;
				GCC_WARN_UNDECLARED_SELECTOR = YES;
				GCC_WARN_UNINITIALIZED_AUTOS = YES_AGGRESSIVE;
				GCC_WARN_UNUSED_FUNCTION = YES;
				GCC_WARN_UNUSED_VARIABLE = YES;
				MACOSX_DEPLOYMENT_TARGET = 11.1;
				MTL_ENABLE_DEBUG_INFO = INCLUDE_SOURCE;
				MTL_FAST_MATH = YES;
				ONLY_ACTIVE_ARCH = YES;
				SDKROOT = macosx;
				SWIFT_ACTIVE_COMPILATION_CONDITIONS = DEBUG;
				SWIFT_OPTIMIZATION_LEVEL = "-Onone";
			};
			name = Debug;
		};
		5C2FC1D525982B1600854F06 /* Release */ = {
			isa = XCBuildConfiguration;
			buildSettings = {
				ALWAYS_SEARCH_USER_PATHS = NO;
				CLANG_ANALYZER_NONNULL = YES;
				CLANG_ANALYZER_NUMBER_OBJECT_CONVERSION = YES_AGGRESSIVE;
				CLANG_CXX_LANGUAGE_STANDARD = "gnu++14";
				CLANG_CXX_LIBRARY = "libc++";
				CLANG_ENABLE_MODULES = YES;
				CLANG_ENABLE_OBJC_ARC = YES;
				CLANG_ENABLE_OBJC_WEAK = YES;
				CLANG_WARN_BLOCK_CAPTURE_AUTORELEASING = YES;
				CLANG_WARN_BOOL_CONVERSION = YES;
				CLANG_WARN_COMMA = YES;
				CLANG_WARN_CONSTANT_CONVERSION = YES;
				CLANG_WARN_DEPRECATED_OBJC_IMPLEMENTATIONS = YES;
				CLANG_WARN_DIRECT_OBJC_ISA_USAGE = YES_ERROR;
				CLANG_WARN_DOCUMENTATION_COMMENTS = YES;
				CLANG_WARN_EMPTY_BODY = YES;
				CLANG_WARN_ENUM_CONVERSION = YES;
				CLANG_WARN_INFINITE_RECURSION = YES;
				CLANG_WARN_INT_CONVERSION = YES;
				CLANG_WARN_NON_LITERAL_NULL_CONVERSION = YES;
				CLANG_WARN_OBJC_IMPLICIT_RETAIN_SELF = YES;
				CLANG_WARN_OBJC_LITERAL_CONVERSION = YES;
				CLANG_WARN_OBJC_ROOT_CLASS = YES_ERROR;
				CLANG_WARN_QUOTED_INCLUDE_IN_FRAMEWORK_HEADER = YES;
				CLANG_WARN_RANGE_LOOP_ANALYSIS = YES;
				CLANG_WARN_STRICT_PROTOTYPES = YES;
				CLANG_WARN_SUSPICIOUS_MOVE = YES;
				CLANG_WARN_UNGUARDED_AVAILABILITY = YES_AGGRESSIVE;
				CLANG_WARN_UNREACHABLE_CODE = YES;
				CLANG_WARN__DUPLICATE_METHOD_MATCH = YES;
				COPY_PHASE_STRIP = NO;
				DEBUG_INFORMATION_FORMAT = "dwarf-with-dsym";
				ENABLE_NS_ASSERTIONS = NO;
				ENABLE_STRICT_OBJC_MSGSEND = YES;
				GCC_C_LANGUAGE_STANDARD = gnu11;
				GCC_NO_COMMON_BLOCKS = YES;
				GCC_WARN_64_TO_32_BIT_CONVERSION = YES;
				GCC_WARN_ABOUT_RETURN_TYPE = YES_ERROR;
				GCC_WARN_UNDECLARED_SELECTOR = YES;
				GCC_WARN_UNINITIALIZED_AUTOS = YES_AGGRESSIVE;
				GCC_WARN_UNUSED_FUNCTION = YES;
				GCC_WARN_UNUSED_VARIABLE = YES;
				MACOSX_DEPLOYMENT_TARGET = 11.1;
				MTL_ENABLE_DEBUG_INFO = NO;
				MTL_FAST_MATH = YES;
				SDKROOT = macosx;
				SWIFT_COMPILATION_MODE = wholemodule;
				SWIFT_OPTIMIZATION_LEVEL = "-O";
			};
			name = Release;
		};
		5C2FC1D725982B1600854F06 /* Debug */ = {
			isa = XCBuildConfiguration;
			buildSettings = {
				ASSETCATALOG_COMPILER_APPICON_NAME = AppIcon;
				ASSETCATALOG_COMPILER_GLOBAL_ACCENT_COLOR_NAME = AccentColor;
				CODE_SIGN_ENTITLEMENTS = "Ravens Rock/Ravens_Rock.entitlements";
				CODE_SIGN_STYLE = Automatic;
				COMBINE_HIDPI_IMAGES = YES;
				DEVELOPMENT_TEAM = GLBR3SXF68;
				ENABLE_HARDENED_RUNTIME = YES;
				INFOPLIST_FILE = "Ravens Rock/Info.plist";
				LD_RUNPATH_SEARCH_PATHS = (
					"$(inherited)",
					"@executable_path/../Frameworks",
				);
				PRODUCT_BUNDLE_IDENTIFIER = "org.stygian.Ravens-Rock";
				PRODUCT_NAME = "$(TARGET_NAME)";
				SWIFT_VERSION = 5.0;
			};
			name = Debug;
		};
		5C2FC1D825982B1600854F06 /* Release */ = {
			isa = XCBuildConfiguration;
			buildSettings = {
				ASSETCATALOG_COMPILER_APPICON_NAME = AppIcon;
				ASSETCATALOG_COMPILER_GLOBAL_ACCENT_COLOR_NAME = AccentColor;
				CODE_SIGN_ENTITLEMENTS = "Ravens Rock/Ravens_Rock.entitlements";
				CODE_SIGN_STYLE = Automatic;
				COMBINE_HIDPI_IMAGES = YES;
				DEVELOPMENT_TEAM = GLBR3SXF68;
				ENABLE_HARDENED_RUNTIME = YES;
				INFOPLIST_FILE = "Ravens Rock/Info.plist";
				LD_RUNPATH_SEARCH_PATHS = (
					"$(inherited)",
					"@executable_path/../Frameworks",
				);
				PRODUCT_BUNDLE_IDENTIFIER = "org.stygian.Ravens-Rock";
				PRODUCT_NAME = "$(TARGET_NAME)";
				SWIFT_VERSION = 5.0;
			};
			name = Release;
		};
		5C2FC1DA25982B1600854F06 /* Debug */ = {
			isa = XCBuildConfiguration;
			buildSettings = {
				ALWAYS_EMBED_SWIFT_STANDARD_LIBRARIES = YES;
				BUNDLE_LOADER = "$(TEST_HOST)";
				CODE_SIGN_STYLE = Automatic;
				COMBINE_HIDPI_IMAGES = YES;
				DEVELOPMENT_TEAM = GLBR3SXF68;
				INFOPLIST_FILE = "Ravens RockTests/Info.plist";
				LD_RUNPATH_SEARCH_PATHS = (
					"$(inherited)",
					"@executable_path/../Frameworks",
					"@loader_path/../Frameworks",
				);
				MACOSX_DEPLOYMENT_TARGET = 11.1;
				PRODUCT_BUNDLE_IDENTIFIER = "org.stygian.Ravens-RockTests";
				PRODUCT_NAME = "$(TARGET_NAME)";
				SWIFT_VERSION = 5.0;
				TEST_HOST = "$(BUILT_PRODUCTS_DIR)/Ravens Rock.app/Contents/MacOS/Ravens Rock";
			};
			name = Debug;
		};
		5C2FC1DB25982B1600854F06 /* Release */ = {
			isa = XCBuildConfiguration;
			buildSettings = {
				ALWAYS_EMBED_SWIFT_STANDARD_LIBRARIES = YES;
				BUNDLE_LOADER = "$(TEST_HOST)";
				CODE_SIGN_STYLE = Automatic;
				COMBINE_HIDPI_IMAGES = YES;
				DEVELOPMENT_TEAM = GLBR3SXF68;
				INFOPLIST_FILE = "Ravens RockTests/Info.plist";
				LD_RUNPATH_SEARCH_PATHS = (
					"$(inherited)",
					"@executable_path/../Frameworks",
					"@loader_path/../Frameworks",
				);
				MACOSX_DEPLOYMENT_TARGET = 11.1;
				PRODUCT_BUNDLE_IDENTIFIER = "org.stygian.Ravens-RockTests";
				PRODUCT_NAME = "$(TARGET_NAME)";
				SWIFT_VERSION = 5.0;
				TEST_HOST = "$(BUILT_PRODUCTS_DIR)/Ravens Rock.app/Contents/MacOS/Ravens Rock";
			};
			name = Release;
		};
		5C2FC1DD25982B1600854F06 /* Debug */ = {
			isa = XCBuildConfiguration;
			buildSettings = {
				ALWAYS_EMBED_SWIFT_STANDARD_LIBRARIES = YES;
				CODE_SIGN_STYLE = Automatic;
				COMBINE_HIDPI_IMAGES = YES;
				DEVELOPMENT_TEAM = GLBR3SXF68;
				INFOPLIST_FILE = "Ravens RockUITests/Info.plist";
				LD_RUNPATH_SEARCH_PATHS = (
					"$(inherited)",
					"@executable_path/../Frameworks",
					"@loader_path/../Frameworks",
				);
				PRODUCT_BUNDLE_IDENTIFIER = "org.stygian.Ravens-RockUITests";
				PRODUCT_NAME = "$(TARGET_NAME)";
				SWIFT_VERSION = 5.0;
				TEST_TARGET_NAME = "Ravens Rock";
			};
			name = Debug;
		};
		5C2FC1DE25982B1600854F06 /* Release */ = {
			isa = XCBuildConfiguration;
			buildSettings = {
				ALWAYS_EMBED_SWIFT_STANDARD_LIBRARIES = YES;
				CODE_SIGN_STYLE = Automatic;
				COMBINE_HIDPI_IMAGES = YES;
				DEVELOPMENT_TEAM = GLBR3SXF68;
				INFOPLIST_FILE = "Ravens RockUITests/Info.plist";
				LD_RUNPATH_SEARCH_PATHS = (
					"$(inherited)",
					"@executable_path/../Frameworks",
					"@loader_path/../Frameworks",
				);
				PRODUCT_BUNDLE_IDENTIFIER = "org.stygian.Ravens-RockUITests";
				PRODUCT_NAME = "$(TARGET_NAME)";
				SWIFT_VERSION = 5.0;
				TEST_TARGET_NAME = "Ravens Rock";
			};
			name = Release;
		};
/* End XCBuildConfiguration section */

/* Begin XCConfigurationList section */
		5C2FC1A925982B1500854F06 /* Build configuration list for PBXProject "Ravens Rock" */ = {
			isa = XCConfigurationList;
			buildConfigurations = (
				5C2FC1D425982B1600854F06 /* Debug */,
				5C2FC1D525982B1600854F06 /* Release */,
			);
			defaultConfigurationIsVisible = 0;
			defaultConfigurationName = Release;
		};
		5C2FC1D625982B1600854F06 /* Build configuration list for PBXNativeTarget "Ravens Rock" */ = {
			isa = XCConfigurationList;
			buildConfigurations = (
				5C2FC1D725982B1600854F06 /* Debug */,
				5C2FC1D825982B1600854F06 /* Release */,
			);
			defaultConfigurationIsVisible = 0;
			defaultConfigurationName = Release;
		};
		5C2FC1D925982B1600854F06 /* Build configuration list for PBXNativeTarget "Ravens RockTests" */ = {
			isa = XCConfigurationList;
			buildConfigurations = (
				5C2FC1DA25982B1600854F06 /* Debug */,
				5C2FC1DB25982B1600854F06 /* Release */,
			);
			defaultConfigurationIsVisible = 0;
			defaultConfigurationName = Release;
		};
		5C2FC1DC25982B1600854F06 /* Build configuration list for PBXNativeTarget "Ravens RockUITests" */ = {
			isa = XCConfigurationList;
			buildConfigurations = (
				5C2FC1DD25982B1600854F06 /* Debug */,
				5C2FC1DE25982B1600854F06 /* Release */,
			);
			defaultConfigurationIsVisible = 0;
			defaultConfigurationName = Release;
		};
/* End XCConfigurationList section */
	};
	rootObject = 5C2FC1A625982B1500854F06 /* Project object */;
}
